
Microsoft Visual Studio Solution File, Format Version 12.00
# Visual Studio Version 17
VisualStudioVersion = 17.12.35527.113 d17.12
MinimumVisualStudioVersion = 10.0.40219.1
Project("{FAE04EC0-301F-11D3-BF4B-00C04F79EFBC}") = "question01", "question01\question01.csproj", "{1355D934-DDEA-4B3B-B8A8-6B12C01BE2E5}"
EndProject
Project("{FAE04EC0-301F-11D3-BF4B-00C04F79EFBC}") = "question02", "question02\question02.csproj", "{5AADB714-B1D2-403D-8FC4-2F76E12F33F1}"
EndProject
Global
	GlobalSection(SolutionConfigurationPlatforms) = preSolution
		Debug|Any CPU = Debug|Any CPU
		Release|Any CPU = Release|Any CPU
	EndGlobalSection
	GlobalSection(ProjectConfigurationPlatforms) = postSolution
		{1355D934-DDEA-4B3B-B8A8-6B12C01BE2E5}.Debug|Any CPU.ActiveCfg = Debug|Any CPU
		{1355D934-DDEA-4B3B-B8A8-6B12C01BE2E5}.Debug|Any CPU.Build.0 = Debug|Any CPU
		{1355D934-DDEA-4B3B-B8A8-6B12C01BE2E5}.Release|Any CPU.ActiveCfg = Release|Any CPU
		{1355D934-DDEA-4B3B-B8A8-6B12C01BE2E5}.Release|Any CPU.Build.0 = Release|Any CPU
		{5AADB714-B1D2-403D-8FC4-2F76E12F33F1}.Debug|Any CPU.ActiveCfg = Debug|Any CPU
		{5AADB714-B1D2-403D-8FC4-2F76E12F33F1}.Debug|Any CPU.Build.0 = Debug|Any CPU
		{5AADB714-B1D2-403D-8FC4-2F76E12F33F1}.Release|Any CPU.ActiveCfg = Release|Any CPU
		{5AADB714-B1D2-403D-8FC4-2F76E12F33F1}.Release|Any CPU.Build.0 = Release|Any CPU
	EndGlobalSection
	GlobalSection(SolutionProperties) = preSolution
		HideSolutionNode = FALSE
	EndGlobalSection
EndGlobal
